
Microsoft Visual Studio Solution File, Format Version 12.00
# Visual Studio Version 17
VisualStudioVersion = 17.2.32519.379
MinimumVisualStudioVersion = 10.0.40219.1
Project("{8BC9CEB8-8B4A-11D0-8D11-00A0C91BC942}") = "Week04", "Week04\Week04.vcxproj", "{AE6732C0-DF7E-411D-9C29-AE48E485950E}"
EndProject
Global
	GlobalSection(SolutionConfigurationPlatforms) = preSolution
		Debug|x64 = Debug|x64
		Debug|x86 = Debug|x86
		Release|x64 = Release|x64
		Release|x86 = Release|x86
	EndGlobalSection
	GlobalSection(ProjectConfigurationPlatforms) = postSolution
		{AE6732C0-DF7E-411D-9C29-AE48E485950E}.Debug|x64.ActiveCfg = Debug|x64
		{AE6732C0-DF7E-411D-9C29-AE48E485950E}.Debug|x64.Build.0 = Debug|x64
		{AE6732C0-DF7E-411D-9C29-AE48E485950E}.Debug|x86.ActiveCfg = Debug|Win32
		{AE6732C0-DF7E-411D-9C29-AE48E485950E}.Debug|x86.Build.0 = Debug|Win32
		{AE6732C0-DF7E-411D-9C29-AE48E485950E}.Release|x64.ActiveCfg = Release|x64
		{AE6732C0-DF7E-411D-9C29-AE48E485950E}.Release|x64.Build.0 = Release|x64
		{AE6732C0-DF7E-411D-9C29-AE48E485950E}.Release|x86.ActiveCfg = Release|Win32
		{AE6732C0-DF7E-411D-9C29-AE48E485950E}.Release|x86.Build.0 = Release|Win32
	EndGlobalSection
	GlobalSection(SolutionProperties) = preSolution
		HideSolutionNode = FALSE
	EndGlobalSection
	GlobalSection(ExtensibilityGlobals) = postSolution
		SolutionGuid = {7B0DFA39-A757-43C7-A30E-5DF0F2885DC0}
	EndGlobalSection
EndGlobal
